
Microsoft Visual Studio Solution File, Format Version 12.00
# Visual Studio Version 17
VisualStudioVersion = 17.1.32319.34
MinimumVisualStudioVersion = 10.0.40219.1
Project("{8BC9CEB8-8B4A-11D0-8D11-00A0C91BC942}") = "Project4", "Project4\Project4.vcxproj", "{3CE93F39-8F2D-4BFA-943C-BA9A5DD94B1B}"
EndProject
Global
	GlobalSection(SolutionConfigurationPlatforms) = preSolution
		Debug|x64 = Debug|x64
		Debug|x86 = Debug|x86
		Release|x64 = Release|x64
		Release|x86 = Release|x86
	EndGlobalSection
	GlobalSection(ProjectConfigurationPlatforms) = postSolution
		{3CE93F39-8F2D-4BFA-943C-BA9A5DD94B1B}.Debug|x64.ActiveCfg = Debug|x64
		{3CE93F39-8F2D-4BFA-943C-BA9A5DD94B1B}.Debug|x64.Build.0 = Debug|x64
		{3CE93F39-8F2D-4BFA-943C-BA9A5DD94B1B}.Debug|x86.ActiveCfg = Debug|Win32
		{3CE93F39-8F2D-4BFA-943C-BA9A5DD94B1B}.Debug|x86.Build.0 = Debug|Win32
		{3CE93F39-8F2D-4BFA-943C-BA9A5DD94B1B}.Release|x64.ActiveCfg = Release|x64
		{3CE93F39-8F2D-4BFA-943C-BA9A5DD94B1B}.Release|x64.Build.0 = Release|x64
		{3CE93F39-8F2D-4BFA-943C-BA9A5DD94B1B}.Release|x86.ActiveCfg = Release|Win32
		{3CE93F39-8F2D-4BFA-943C-BA9A5DD94B1B}.Release|x86.Build.0 = Release|Win32
	EndGlobalSection
	GlobalSection(SolutionProperties) = preSolution
		HideSolutionNode = FALSE
	EndGlobalSection
	GlobalSection(ExtensibilityGlobals) = postSolution
		SolutionGuid = {8EB85D4C-978B-47AB-AC0E-C782C351AB48}
	EndGlobalSection
EndGlobal
